
Microsoft Visual Studio Solution File, Format Version 12.00
# Visual Studio Version 17
VisualStudioVersion = 17.3.32825.248
MinimumVisualStudioVersion = 10.0.40219.1
Project("{FAE04EC0-301F-11D3-BF4B-00C04F79EFBC}") = "ToDoApi", "ToDoApi.csproj", "{DCC71F22-52AC-48DF-890F-6FFCAAA5997B}"
EndProject
Global
	GlobalSection(SolutionConfigurationPlatforms) = preSolution
		Debug|Any CPU = Debug|Any CPU
		Release|Any CPU = Release|Any CPU
	EndGlobalSection
	GlobalSection(ProjectConfigurationPlatforms) = postSolution
		{DCC71F22-52AC-48DF-890F-6FFCAAA5997B}.Debug|Any CPU.ActiveCfg = Debug|Any CPU
		{DCC71F22-52AC-48DF-890F-6FFCAAA5997B}.Debug|Any CPU.Build.0 = Debug|Any CPU
		{DCC71F22-52AC-48DF-890F-6FFCAAA5997B}.Release|Any CPU.ActiveCfg = Release|Any CPU
		{DCC71F22-52AC-48DF-890F-6FFCAAA5997B}.Release|Any CPU.Build.0 = Release|Any CPU
	EndGlobalSection
	GlobalSection(SolutionProperties) = preSolution
		HideSolutionNode = FALSE
	EndGlobalSection
	GlobalSection(ExtensibilityGlobals) = postSolution
		SolutionGuid = {A9D3DDBD-C5F3-4A72-ADF3-4757B72D5D10}
	EndGlobalSection
EndGlobal
